
Microsoft Visual Studio Solution File, Format Version 12.00
# Visual Studio Version 17
VisualStudioVersion = 17.7.34024.191
MinimumVisualStudioVersion = 10.0.40219.1
Project("{FAE04EC0-301F-11D3-BF4B-00C04F79EFBC}") = "WpfMVVM", "WpfMVVM.csproj", "{13A04622-9531-467E-8E99-EA204FCCB6CD}"
EndProject
Project("{FAE04EC0-301F-11D3-BF4B-00C04F79EFBC}") = "AutoLotDAL", "..\AutoLotDAL\AutoLotDAL.csproj", "{4C70BB50-EF82-46C5-A082-7CC77B0796F8}"
EndProject
Project("{FAE04EC0-301F-11D3-BF4B-00C04F79EFBC}") = "AutoLotDAL.Models", "..\AutoLotDAL.Models\AutoLotDAL.Models.csproj", "{74006590-19BB-4E4A-8568-F7C758F86461}"
EndProject
Global
	GlobalSection(SolutionConfigurationPlatforms) = preSolution
		Debug|Any CPU = Debug|Any CPU
		Release|Any CPU = Release|Any CPU
	EndGlobalSection
	GlobalSection(ProjectConfigurationPlatforms) = postSolution
		{13A04622-9531-467E-8E99-EA204FCCB6CD}.Debug|Any CPU.ActiveCfg = Debug|Any CPU
		{13A04622-9531-467E-8E99-EA204FCCB6CD}.Debug|Any CPU.Build.0 = Debug|Any CPU
		{13A04622-9531-467E-8E99-EA204FCCB6CD}.Release|Any CPU.ActiveCfg = Release|Any CPU
		{13A04622-9531-467E-8E99-EA204FCCB6CD}.Release|Any CPU.Build.0 = Release|Any CPU
		{4C70BB50-EF82-46C5-A082-7CC77B0796F8}.Debug|Any CPU.ActiveCfg = Debug|Any CPU
		{4C70BB50-EF82-46C5-A082-7CC77B0796F8}.Debug|Any CPU.Build.0 = Debug|Any CPU
		{4C70BB50-EF82-46C5-A082-7CC77B0796F8}.Release|Any CPU.ActiveCfg = Release|Any CPU
		{4C70BB50-EF82-46C5-A082-7CC77B0796F8}.Release|Any CPU.Build.0 = Release|Any CPU
		{74006590-19BB-4E4A-8568-F7C758F86461}.Debug|Any CPU.ActiveCfg = Debug|Any CPU
		{74006590-19BB-4E4A-8568-F7C758F86461}.Debug|Any CPU.Build.0 = Debug|Any CPU
		{74006590-19BB-4E4A-8568-F7C758F86461}.Release|Any CPU.ActiveCfg = Release|Any CPU
		{74006590-19BB-4E4A-8568-F7C758F86461}.Release|Any CPU.Build.0 = Release|Any CPU
	EndGlobalSection
	GlobalSection(SolutionProperties) = preSolution
		HideSolutionNode = FALSE
	EndGlobalSection
	GlobalSection(ExtensibilityGlobals) = postSolution
		SolutionGuid = {3ADD914F-7ECC-4759-996C-A79CA5003BB6}
	EndGlobalSection
EndGlobal
